# This file is automatically @generated by Cargo.
# It is not intended for manual editing.
version = 3

[[package]]
name = "array-macro"
version = "2.1.5"
source = "registry+https://github.com/rust-lang/crates.io-index"
checksum = "457661fa6716c30b73d7c41400a8a78780d20523b83a9441dabec28e93f27cf4"

[[package]]
name = "bitflags"
version = "1.3.2"
source = "registry+https://github.com/rust-lang/crates.io-index"
checksum = "bef38d45163c2f1dde094a7dfd33ccf595c92905c8f8f4fdc18d06fb1037718a"

[[package]]
name = "cc"
version = "1.0.73"
source = "registry+https://github.com/rust-lang/crates.io-index"
checksum = "2fff2a6927b3bb87f9595d67196a70493f627687a71d87a0d692242c33f58c11"

[[package]]
name = "cmake"
version = "0.1.48"
source = "registry+https://github.com/rust-lang/crates.io-index"
checksum = "e8ad8cef104ac57b68b89df3208164d228503abbdce70f6880ffa3d970e7443a"
dependencies = [
 "cc",
]

[[package]]
name = "elfeat"
version = "0.1.0"
dependencies = [
 "array-macro",
 "paste",
 "zydis",
]

[[package]]
name = "paste"
version = "1.0.8"
source = "registry+https://github.com/rust-lang/crates.io-index"
checksum = "9423e2b32f7a043629287a536f21951e8c6a82482d0acb1eeebfc90bc2225b22"

[[package]]
name = "zydis"
version = "3.1.3"
source = "registry+https://github.com/rust-lang/crates.io-index"
checksum = "bfc13daee87922e0d6dc6137327be10327ad1cee0515ec775f898206193aaeb8"
dependencies = [
 "bitflags",
 "cmake",
]
